
Microsoft Visual Studio Solution File, Format Version 12.00
# Visual Studio Version 16
VisualStudioVersion = 16.0.33927.289
MinimumVisualStudioVersion = 10.0.40219.1
Project("{FAE04EC0-301F-11D3-BF4B-00C04F79EFBC}") = "MercadoSa", "MercadoSa\MercadoSa.csproj", "{8CAB8D6A-739C-4C5C-9259-2DDA6087772C}"
EndProject
Global
	GlobalSection(SolutionConfigurationPlatforms) = preSolution
		Debug|Any CPU = Debug|Any CPU
		Release|Any CPU = Release|Any CPU
	EndGlobalSection
	GlobalSection(ProjectConfigurationPlatforms) = postSolution
		{8CAB8D6A-739C-4C5C-9259-2DDA6087772C}.Debug|Any CPU.ActiveCfg = Debug|Any CPU
		{8CAB8D6A-739C-4C5C-9259-2DDA6087772C}.Debug|Any CPU.Build.0 = Debug|Any CPU
		{8CAB8D6A-739C-4C5C-9259-2DDA6087772C}.Release|Any CPU.ActiveCfg = Release|Any CPU
		{8CAB8D6A-739C-4C5C-9259-2DDA6087772C}.Release|Any CPU.Build.0 = Release|Any CPU
	EndGlobalSection
	GlobalSection(SolutionProperties) = preSolution
		HideSolutionNode = FALSE
	EndGlobalSection
	GlobalSection(ExtensibilityGlobals) = postSolution
		SolutionGuid = {B45CD433-C80C-4ED3-8174-8CD18E94662F}
	EndGlobalSection
EndGlobal
